
Microsoft Visual Studio Solution File, Format Version 12.00
# Visual Studio 15
Project("{FAE04EC0-301F-11D3-BF4B-00C04F79EFBC}") = "BatchComposer", "BatchComposer\BatchComposer.csproj", "{FCAAFED7-A0FA-45A0-B283-242EDD8CBB7E}"
EndProject
Global
	GlobalSection(SolutionConfigurationPlatforms) = preSolution
		Debug|Any CPU = Debug|Any CPU
		Release|Any CPU = Release|Any CPU
	EndGlobalSection
	GlobalSection(ProjectConfigurationPlatforms) = postSolution
		{FCAAFED7-A0FA-45A0-B283-242EDD8CBB7E}.Debug|Any CPU.ActiveCfg = Debug|Any CPU
		{FCAAFED7-A0FA-45A0-B283-242EDD8CBB7E}.Debug|Any CPU.Build.0 = Debug|Any CPU
		{FCAAFED7-A0FA-45A0-B283-242EDD8CBB7E}.Release|Any CPU.ActiveCfg = Release|Any CPU
		{FCAAFED7-A0FA-45A0-B283-242EDD8CBB7E}.Release|Any CPU.Build.0 = Release|Any CPU
	EndGlobalSection
EndGlobal
